// !$*UTF8*$!
{
	archiveVersion = 1;
	classes = {
	};
	objectVersion = 50;
	objects = {

/* Begin PBXBuildFile section */
		801CEB82547C01BD7A42C702 /* Pods_Pulse_iOSTests.framework in Frameworks */ = {isa = PBXBuildFile; fileRef = 2DE30B8DDC7BB000B5867BD0 /* Pods_Pulse_iOSTests.framework */; };
		952127DC216FE5BA00BFB118 /* Mappable.swift in Sources */ = {isa = PBXBuildFile; fileRef = 952127DB216FE5BA00BFB118 /* Mappable.swift */; };
		953C4A74213C3FE00019327F /* CategoryResultsViewController.swift in Sources */ = {isa = PBXBuildFile; fileRef = 953C4A73213C3FE00019327F /* CategoryResultsViewController.swift */; };
		953C4A76214586E00019327F /* CategoryResultListCell.xib in Resources */ = {isa = PBXBuildFile; fileRef = 953C4A75214586E00019327F /* CategoryResultListCell.xib */; };
		953C4A78214589830019327F /* ResultButton.swift in Sources */ = {isa = PBXBuildFile; fileRef = 953C4A77214589830019327F /* ResultButton.swift */; };
		953C4A7A214591E40019327F /* CategoryResultCellTableViewCell.swift in Sources */ = {isa = PBXBuildFile; fileRef = 953C4A79214591E40019327F /* CategoryResultCellTableViewCell.swift */; };
		953C4A7C2145AE800019327F /* ResultContainer.swift in Sources */ = {isa = PBXBuildFile; fileRef = 953C4A7B2145AE800019327F /* ResultContainer.swift */; };
		953EFEE520ADCEC0000E738C /* AppDelegate.swift in Sources */ = {isa = PBXBuildFile; fileRef = 953EFEE420ADCEC0000E738C /* AppDelegate.swift */; };
		953EFEEC20ADCEC0000E738C /* Main.storyboard in Resources */ = {isa = PBXBuildFile; fileRef = 953EFEEA20ADCEC0000E738C /* Main.storyboard */; };
		953EFEEE20ADCEC2000E738C /* Assets.xcassets in Resources */ = {isa = PBXBuildFile; fileRef = 953EFEED20ADCEC2000E738C /* Assets.xcassets */; };
		953EFEF120ADCEC2000E738C /* LaunchScreen.storyboard in Resources */ = {isa = PBXBuildFile; fileRef = 953EFEEF20ADCEC2000E738C /* LaunchScreen.storyboard */; };
		953EFEFC20ADCEC2000E738C /* Pulse_iOSTests.swift in Sources */ = {isa = PBXBuildFile; fileRef = 953EFEFB20ADCEC2000E738C /* Pulse_iOSTests.swift */; };
		953EFF0720B332D1000E738C /* TimeZoneEnum.swift in Sources */ = {isa = PBXBuildFile; fileRef = 953EFF0620B332D1000E738C /* TimeZoneEnum.swift */; };
		953EFF0920B33BE1000E738C /* StateEnum.swift in Sources */ = {isa = PBXBuildFile; fileRef = 953EFF0820B33BE1000E738C /* StateEnum.swift */; };
		9548FAE620DBE28400EDDA41 /* BlueButtonWhiteArrow.swift in Sources */ = {isa = PBXBuildFile; fileRef = 9548FAE520DBE28400EDDA41 /* BlueButtonWhiteArrow.swift */; };
		9548FAE820DBE7D400EDDA41 /* BlueButton.swift in Sources */ = {isa = PBXBuildFile; fileRef = 9548FAE720DBE7D400EDDA41 /* BlueButton.swift */; };
		9548FAEA20DBEB7900EDDA41 /* NavigationBar.swift in Sources */ = {isa = PBXBuildFile; fileRef = 9548FAE920DBEB7900EDDA41 /* NavigationBar.swift */; };
		9548FAEC20DD586200EDDA41 /* MapViewController.swift in Sources */ = {isa = PBXBuildFile; fileRef = 9548FAEB20DD586200EDDA41 /* MapViewController.swift */; };
		9556262420BDDFC400613273 /* us3.svg in Resources */ = {isa = PBXBuildFile; fileRef = 9556262320BDDFC400613273 /* us3.svg */; };
		9556262620BDE07900613273 /* MapView.swift in Sources */ = {isa = PBXBuildFile; fileRef = 9556262520BDE07900613273 /* MapView.swift */; };
		9556262F20BF314300613273 /* TimeZone.swift in Sources */ = {isa = PBXBuildFile; fileRef = 9556262E20BF314300613273 /* TimeZone.swift */; };
		9556263120BF342400613273 /* State.swift in Sources */ = {isa = PBXBuildFile; fileRef = 9556263020BF342400613273 /* State.swift */; };
		9556263320BF3A2C00613273 /* Resource.swift in Sources */ = {isa = PBXBuildFile; fileRef = 9556263220BF3A2C00613273 /* Resource.swift */; };
		958B707C21A874FF004AC71D /* AllResultsViewController.swift in Sources */ = {isa = PBXBuildFile; fileRef = 958B707B21A874FF004AC71D /* AllResultsViewController.swift */; };
		958B707E21A87564004AC71D /* AllResultCellTableViewCell.swift in Sources */ = {isa = PBXBuildFile; fileRef = 958B707D21A87564004AC71D /* AllResultCellTableViewCell.swift */; };
		958B708021A876EF004AC71D /* AllResultListCell.xib in Resources */ = {isa = PBXBuildFile; fileRef = 958B707F21A876EF004AC71D /* AllResultListCell.xib */; };
		958B708621A89570004AC71D /* AllResultHeaderTableViewCell.swift in Sources */ = {isa = PBXBuildFile; fileRef = 958B708521A89570004AC71D /* AllResultHeaderTableViewCell.swift */; };
		958B708821A89949004AC71D /* AllResultsHeader.xib in Resources */ = {isa = PBXBuildFile; fileRef = 958B708721A89949004AC71D /* AllResultsHeader.xib */; };
		95D9BF2520C033DD00ECD156 /* Utils.swift in Sources */ = {isa = PBXBuildFile; fileRef = 95D9BF2420C033DD00ECD156 /* Utils.swift */; };
		95D9BF2720C0345600ECD156 /* Colors.swift in Sources */ = {isa = PBXBuildFile; fileRef = 95D9BF2620C0345600ECD156 /* Colors.swift */; };
		95D9BF2920C98CD100ECD156 /* MainViewController.swift in Sources */ = {isa = PBXBuildFile; fileRef = 95D9BF2820C98CD100ECD156 /* MainViewController.swift */; };
		95D9BF2B20D2B44100ECD156 /* Config.swift in Sources */ = {isa = PBXBuildFile; fileRef = 95D9BF2A20D2B44100ECD156 /* Config.swift */; };
		C55FF185F4292D15A325B2CA /* Pods_Pulse_iOS.framework in Frameworks */ = {isa = PBXBuildFile; fileRef = E8AD7D1F2348D237193DFD2D /* Pods_Pulse_iOS.framework */; };
/* End PBXBuildFile section */

/* Begin PBXContainerItemProxy section */
		953EFEF820ADCEC2000E738C /* PBXContainerItemProxy */ = {
			isa = PBXContainerItemProxy;
			containerPortal = 953EFED920ADCEBF000E738C /* Project object */;
			proxyType = 1;
			remoteGlobalIDString = 953EFEE020ADCEBF000E738C;
			remoteInfo = Pulse_iOS;
		};
/* End PBXContainerItemProxy section */

/* Begin PBXFileReference section */
		173D8147823E448228235BBF /* Pods-Pulse_iOSTests.release.xcconfig */ = {isa = PBXFileReference; includeInIndex = 1; lastKnownFileType = text.xcconfig; name = "Pods-Pulse_iOSTests.release.xcconfig"; path = "Pods/Target Support Files/Pods-Pulse_iOSTests/Pods-Pulse_iOSTests.release.xcconfig"; sourceTree = "<group>"; };
		2DE30B8DDC7BB000B5867BD0 /* Pods_Pulse_iOSTests.framework */ = {isa = PBXFileReference; explicitFileType = wrapper.framework; includeInIndex = 0; path = Pods_Pulse_iOSTests.framework; sourceTree = BUILT_PRODUCTS_DIR; };
		39B2220DC3C0CF766D888894 /* Pods-Pulse_iOS.debug.xcconfig */ = {isa = PBXFileReference; includeInIndex = 1; lastKnownFileType = text.xcconfig; name = "Pods-Pulse_iOS.debug.xcconfig"; path = "Pods/Target Support Files/Pods-Pulse_iOS/Pods-Pulse_iOS.debug.xcconfig"; sourceTree = "<group>"; };
		68167C54BBEC8CBA6488A62C /* Pods-Pulse_iOSTests.debug.xcconfig */ = {isa = PBXFileReference; includeInIndex = 1; lastKnownFileType = text.xcconfig; name = "Pods-Pulse_iOSTests.debug.xcconfig"; path = "Pods/Target Support Files/Pods-Pulse_iOSTests/Pods-Pulse_iOSTests.debug.xcconfig"; sourceTree = "<group>"; };
		952127DB216FE5BA00BFB118 /* Mappable.swift */ = {isa = PBXFileReference; lastKnownFileType = sourcecode.swift; path = Mappable.swift; sourceTree = "<group>"; };
		953C4A73213C3FE00019327F /* CategoryResultsViewController.swift */ = {isa = PBXFileReference; lastKnownFileType = sourcecode.swift; path = CategoryResultsViewController.swift; sourceTree = "<group>"; };
		953C4A75214586E00019327F /* CategoryResultListCell.xib */ = {isa = PBXFileReference; lastKnownFileType = file.xib; path = CategoryResultListCell.xib; sourceTree = "<group>"; };
		953C4A77214589830019327F /* ResultButton.swift */ = {isa = PBXFileReference; lastKnownFileType = sourcecode.swift; path = ResultButton.swift; sourceTree = "<group>"; };
		953C4A79214591E40019327F /* CategoryResultCellTableViewCell.swift */ = {isa = PBXFileReference; lastKnownFileType = sourcecode.swift; path = CategoryResultCellTableViewCell.swift; sourceTree = "<group>"; };
		953C4A7B2145AE800019327F /* ResultContainer.swift */ = {isa = PBXFileReference; lastKnownFileType = sourcecode.swift; path = ResultContainer.swift; sourceTree = "<group>"; };
		953EFEE120ADCEBF000E738C /* Pulse_iOS.app */ = {isa = PBXFileReference; explicitFileType = wrapper.application; includeInIndex = 0; path = Pulse_iOS.app; sourceTree = BUILT_PRODUCTS_DIR; };
		953EFEE420ADCEC0000E738C /* AppDelegate.swift */ = {isa = PBXFileReference; lastKnownFileType = sourcecode.swift; path = AppDelegate.swift; sourceTree = "<group>"; };
		953EFEEB20ADCEC0000E738C /* Base */ = {isa = PBXFileReference; lastKnownFileType = file.storyboard; name = Base; path = Base.lproj/Main.storyboard; sourceTree = "<group>"; };
		953EFEED20ADCEC2000E738C /* Assets.xcassets */ = {isa = PBXFileReference; lastKnownFileType = folder.assetcatalog; path = Assets.xcassets; sourceTree = "<group>"; };
		953EFEF020ADCEC2000E738C /* Base */ = {isa = PBXFileReference; lastKnownFileType = file.storyboard; name = Base; path = Base.lproj/LaunchScreen.storyboard; sourceTree = "<group>"; };
		953EFEF220ADCEC2000E738C /* Info.plist */ = {isa = PBXFileReference; lastKnownFileType = text.plist.xml; path = Info.plist; sourceTree = "<group>"; };
		953EFEF720ADCEC2000E738C /* Pulse_iOSTests.xctest */ = {isa = PBXFileReference; explicitFileType = wrapper.cfbundle; includeInIndex = 0; path = Pulse_iOSTests.xctest; sourceTree = BUILT_PRODUCTS_DIR; };
		953EFEFB20ADCEC2000E738C /* Pulse_iOSTests.swift */ = {isa = PBXFileReference; lastKnownFileType = sourcecode.swift; path = Pulse_iOSTests.swift; sourceTree = "<group>"; };
		953EFEFD20ADCEC2000E738C /* Info.plist */ = {isa = PBXFileReference; lastKnownFileType = text.plist.xml; path = Info.plist; sourceTree = "<group>"; };
		953EFF0620B332D1000E738C /* TimeZoneEnum.swift */ = {isa = PBXFileReference; lastKnownFileType = sourcecode.swift; path = TimeZoneEnum.swift; sourceTree = "<group>"; };
		953EFF0820B33BE1000E738C /* StateEnum.swift */ = {isa = PBXFileReference; lastKnownFileType = sourcecode.swift; path = StateEnum.swift; sourceTree = "<group>"; };
		9548FAE520DBE28400EDDA41 /* BlueButtonWhiteArrow.swift */ = {isa = PBXFileReference; lastKnownFileType = sourcecode.swift; path = BlueButtonWhiteArrow.swift; sourceTree = "<group>"; };
		9548FAE720DBE7D400EDDA41 /* BlueButton.swift */ = {isa = PBXFileReference; lastKnownFileType = sourcecode.swift; path = BlueButton.swift; sourceTree = "<group>"; };
		9548FAE920DBEB7900EDDA41 /* NavigationBar.swift */ = {isa = PBXFileReference; lastKnownFileType = sourcecode.swift; path = NavigationBar.swift; sourceTree = "<group>"; };
		9548FAEB20DD586200EDDA41 /* MapViewController.swift */ = {isa = PBXFileReference; lastKnownFileType = sourcecode.swift; path = MapViewController.swift; sourceTree = "<group>"; };
		9556262320BDDFC400613273 /* us3.svg */ = {isa = PBXFileReference; fileEncoding = 4; lastKnownFileType = text.xml; path = us3.svg; sourceTree = "<group>"; };
		9556262520BDE07900613273 /* MapView.swift */ = {isa = PBXFileReference; lastKnownFileType = sourcecode.swift; path = MapView.swift; sourceTree = "<group>"; };
		9556262E20BF314300613273 /* TimeZone.swift */ = {isa = PBXFileReference; lastKnownFileType = sourcecode.swift; path = TimeZone.swift; sourceTree = "<group>"; };
		9556263020BF342400613273 /* State.swift */ = {isa = PBXFileReference; lastKnownFileType = sourcecode.swift; path = State.swift; sourceTree = "<group>"; };
		9556263220BF3A2C00613273 /* Resource.swift */ = {isa = PBXFileReference; lastKnownFileType = sourcecode.swift; path = Resource.swift; sourceTree = "<group>"; };
		958B707B21A874FF004AC71D /* AllResultsViewController.swift */ = {isa = PBXFileReference; lastKnownFileType = sourcecode.swift; path = AllResultsViewController.swift; sourceTree = "<group>"; };
		958B707D21A87564004AC71D /* AllResultCellTableViewCell.swift */ = {isa = PBXFileReference; lastKnownFileType = sourcecode.swift; path = AllResultCellTableViewCell.swift; sourceTree = "<group>"; };
		958B707F21A876EF004AC71D /* AllResultListCell.xib */ = {isa = PBXFileReference; fileEncoding = 4; lastKnownFileType = file.xib; path = AllResultListCell.xib; sourceTree = "<group>"; };
		958B708521A89570004AC71D /* AllResultHeaderTableViewCell.swift */ = {isa = PBXFileReference; fileEncoding = 4; lastKnownFileType = sourcecode.swift; path = AllResultHeaderTableViewCell.swift; sourceTree = "<group>"; };
		958B708721A89949004AC71D /* AllResultsHeader.xib */ = {isa = PBXFileReference; lastKnownFileType = file.xib; path = AllResultsHeader.xib; sourceTree = "<group>"; };
		95D9BF2420C033DD00ECD156 /* Utils.swift */ = {isa = PBXFileReference; lastKnownFileType = sourcecode.swift; path = Utils.swift; sourceTree = "<group>"; };
		95D9BF2620C0345600ECD156 /* Colors.swift */ = {isa = PBXFileReference; lastKnownFileType = sourcecode.swift; path = Colors.swift; sourceTree = "<group>"; };
		95D9BF2820C98CD100ECD156 /* MainViewController.swift */ = {isa = PBXFileReference; lastKnownFileType = sourcecode.swift; path = MainViewController.swift; sourceTree = "<group>"; };
		95D9BF2A20D2B44100ECD156 /* Config.swift */ = {isa = PBXFileReference; lastKnownFileType = sourcecode.swift; path = Config.swift; sourceTree = "<group>"; };
		9E1A8675EE00FE77BF311E2B /* Pods-Pulse_iOS.release.xcconfig */ = {isa = PBXFileReference; includeInIndex = 1; lastKnownFileType = text.xcconfig; name = "Pods-Pulse_iOS.release.xcconfig"; path = "Pods/Target Support Files/Pods-Pulse_iOS/Pods-Pulse_iOS.release.xcconfig"; sourceTree = "<group>"; };
		E8AD7D1F2348D237193DFD2D /* Pods_Pulse_iOS.framework */ = {isa = PBXFileReference; explicitFileType = wrapper.framework; includeInIndex = 0; path = Pods_Pulse_iOS.framework; sourceTree = BUILT_PRODUCTS_DIR; };
/* End PBXFileReference section */

/* Begin PBXFrameworksBuildPhase section */
		953EFEDE20ADCEBF000E738C /* Frameworks */ = {
			isa = PBXFrameworksBuildPhase;
			buildActionMask = 2147483647;
			files = (
				C55FF185F4292D15A325B2CA /* Pods_Pulse_iOS.framework in Frameworks */,
			);
			runOnlyForDeploymentPostprocessing = 0;
		};
		953EFEF420ADCEC2000E738C /* Frameworks */ = {
			isa = PBXFrameworksBuildPhase;
			buildActionMask = 2147483647;
			files = (
				801CEB82547C01BD7A42C702 /* Pods_Pulse_iOSTests.framework in Frameworks */,
			);
			runOnlyForDeploymentPostprocessing = 0;
		};
/* End PBXFrameworksBuildPhase section */

/* Begin PBXGroup section */
		5F53727988BD781E90851C0E /* Frameworks */ = {
			isa = PBXGroup;
			children = (
				E8AD7D1F2348D237193DFD2D /* Pods_Pulse_iOS.framework */,
				2DE30B8DDC7BB000B5867BD0 /* Pods_Pulse_iOSTests.framework */,
			);
			name = Frameworks;
			sourceTree = "<group>";
		};
		793A36DA93CD54326BCA5439 /* Pods */ = {
			isa = PBXGroup;
			children = (
				39B2220DC3C0CF766D888894 /* Pods-Pulse_iOS.debug.xcconfig */,
				9E1A8675EE00FE77BF311E2B /* Pods-Pulse_iOS.release.xcconfig */,
				68167C54BBEC8CBA6488A62C /* Pods-Pulse_iOSTests.debug.xcconfig */,
				173D8147823E448228235BBF /* Pods-Pulse_iOSTests.release.xcconfig */,
			);
			name = Pods;
			sourceTree = "<group>";
		};
		953EFED820ADCEBF000E738C = {
			isa = PBXGroup;
			children = (
				953EFEE320ADCEBF000E738C /* Pulse_iOS */,
				953EFEFA20ADCEC2000E738C /* Pulse_iOSTests */,
				953EFEE220ADCEBF000E738C /* Products */,
				793A36DA93CD54326BCA5439 /* Pods */,
				5F53727988BD781E90851C0E /* Frameworks */,
			);
			sourceTree = "<group>";
		};
		953EFEE220ADCEBF000E738C /* Products */ = {
			isa = PBXGroup;
			children = (
				953EFEE120ADCEBF000E738C /* Pulse_iOS.app */,
				953EFEF720ADCEC2000E738C /* Pulse_iOSTests.xctest */,
			);
			name = Products;
			sourceTree = "<group>";
		};
		953EFEE320ADCEBF000E738C /* Pulse_iOS */ = {
			isa = PBXGroup;
			children = (
				958B707821A85A56004AC71D /* States */,
				958B707721A85A31004AC71D /* TimeZones */,
				9576F89821A855F8001B640D /* Results */,
				9576F89721A855E8001B640D /* LandingPage */,
				9576F89621A855BF001B640D /* Map */,
				9556262C20BF311600613273 /* classes */,
				9556262D20BF312200613273 /* views */,
				95D9BF2320C033BF00ECD156 /* utils */,
				953EFEE420ADCEC0000E738C /* AppDelegate.swift */,
				953EFEEA20ADCEC0000E738C /* Main.storyboard */,
				953EFEED20ADCEC2000E738C /* Assets.xcassets */,
				953EFEEF20ADCEC2000E738C /* LaunchScreen.storyboard */,
				953EFEF220ADCEC2000E738C /* Info.plist */,
				9556262320BDDFC400613273 /* us3.svg */,
				95D9BF2A20D2B44100ECD156 /* Config.swift */,
			);
			path = Pulse_iOS;
			sourceTree = "<group>";
		};
		953EFEFA20ADCEC2000E738C /* Pulse_iOSTests */ = {
			isa = PBXGroup;
			children = (
				953EFEFB20ADCEC2000E738C /* Pulse_iOSTests.swift */,
				953EFEFD20ADCEC2000E738C /* Info.plist */,
			);
			path = Pulse_iOSTests;
			sourceTree = "<group>";
		};
		9556262C20BF311600613273 /* classes */ = {
			isa = PBXGroup;
			children = (
				9556263220BF3A2C00613273 /* Resource.swift */,
				95D9BF2620C0345600ECD156 /* Colors.swift */,
				952127DB216FE5BA00BFB118 /* Mappable.swift */,
			);
			path = classes;
			sourceTree = "<group>";
		};
		9556262D20BF312200613273 /* views */ = {
			isa = PBXGroup;
			children = (
				9548FAE520DBE28400EDDA41 /* BlueButtonWhiteArrow.swift */,
				9548FAE720DBE7D400EDDA41 /* BlueButton.swift */,
				9548FAE920DBEB7900EDDA41 /* NavigationBar.swift */,
				953C4A77214589830019327F /* ResultButton.swift */,
				953C4A7B2145AE800019327F /* ResultContainer.swift */,
			);
			path = views;
			sourceTree = "<group>";
		};
		9576F89621A855BF001B640D /* Map */ = {
			isa = PBXGroup;
			children = (
				9556262520BDE07900613273 /* MapView.swift */,
				9548FAEB20DD586200EDDA41 /* MapViewController.swift */,
			);
			path = Map;
			sourceTree = "<group>";
		};
		9576F89721A855E8001B640D /* LandingPage */ = {
			isa = PBXGroup;
			children = (
				95D9BF2820C98CD100ECD156 /* MainViewController.swift */,
			);
			path = LandingPage;
			sourceTree = "<group>";
		};
		9576F89821A855F8001B640D /* Results */ = {
			isa = PBXGroup;
			children = (
				958B707A21A8669C004AC71D /* Categories */,
				958B707921A8668E004AC71D /* All */,
			);
			path = Results;
			sourceTree = "<group>";
		};
		958B707721A85A31004AC71D /* TimeZones */ = {
			isa = PBXGroup;
			children = (
				953EFF0620B332D1000E738C /* TimeZoneEnum.swift */,
				9556262E20BF314300613273 /* TimeZone.swift */,
			);
			path = TimeZones;
			sourceTree = "<group>";
		};
		958B707821A85A56004AC71D /* States */ = {
			isa = PBXGroup;
			children = (
				953EFF0820B33BE1000E738C /* StateEnum.swift */,
				9556263020BF342400613273 /* State.swift */,
			);
			path = States;
			sourceTree = "<group>";
		};
		958B707921A8668E004AC71D /* All */ = {
			isa = PBXGroup;
			children = (
				958B708521A89570004AC71D /* AllResultHeaderTableViewCell.swift */,
				958B707F21A876EF004AC71D /* AllResultListCell.xib */,
				958B707B21A874FF004AC71D /* AllResultsViewController.swift */,
				958B707D21A87564004AC71D /* AllResultCellTableViewCell.swift */,
				958B708721A89949004AC71D /* AllResultsHeader.xib */,
			);
			path = All;
			sourceTree = "<group>";
		};
		958B707A21A8669C004AC71D /* Categories */ = {
			isa = PBXGroup;
			children = (
				953C4A75214586E00019327F /* CategoryResultListCell.xib */,
				953C4A79214591E40019327F /* CategoryResultCellTableViewCell.swift */,
				953C4A73213C3FE00019327F /* CategoryResultsViewController.swift */,
			);
			path = Categories;
			sourceTree = "<group>";
		};
		95D9BF2320C033BF00ECD156 /* utils */ = {
			isa = PBXGroup;
			children = (
				95D9BF2420C033DD00ECD156 /* Utils.swift */,
			);
			path = utils;
			sourceTree = "<group>";
		};
/* End PBXGroup section */

/* Begin PBXNativeTarget section */
		953EFEE020ADCEBF000E738C /* Pulse_iOS */ = {
			isa = PBXNativeTarget;
			buildConfigurationList = 953EFF0020ADCEC2000E738C /* Build configuration list for PBXNativeTarget "Pulse_iOS" */;
			buildPhases = (
				7F3A2A4883F9A1E8E383A67F /* [CP] Check Pods Manifest.lock */,
				953EFEDD20ADCEBF000E738C /* Sources */,
				953EFEDE20ADCEBF000E738C /* Frameworks */,
				953EFEDF20ADCEBF000E738C /* Resources */,
				DB56FA4B0F66D3B3352E21DB /* [CP] Embed Pods Frameworks */,
			);
			buildRules = (
			);
			dependencies = (
			);
			name = Pulse_iOS;
			productName = Pulse_iOS;
			productReference = 953EFEE120ADCEBF000E738C /* Pulse_iOS.app */;
			productType = "com.apple.product-type.application";
		};
		953EFEF620ADCEC2000E738C /* Pulse_iOSTests */ = {
			isa = PBXNativeTarget;
			buildConfigurationList = 953EFF0320ADCEC2000E738C /* Build configuration list for PBXNativeTarget "Pulse_iOSTests" */;
			buildPhases = (
				7DCD063A9573D228AF3B23C7 /* [CP] Check Pods Manifest.lock */,
				953EFEF320ADCEC2000E738C /* Sources */,
				953EFEF420ADCEC2000E738C /* Frameworks */,
				953EFEF520ADCEC2000E738C /* Resources */,
			);
			buildRules = (
			);
			dependencies = (
				953EFEF920ADCEC2000E738C /* PBXTargetDependency */,
			);
			name = Pulse_iOSTests;
			productName = Pulse_iOSTests;
			productReference = 953EFEF720ADCEC2000E738C /* Pulse_iOSTests.xctest */;
			productType = "com.apple.product-type.bundle.unit-test";
		};
/* End PBXNativeTarget section */

/* Begin PBXProject section */
		953EFED920ADCEBF000E738C /* Project object */ = {
			isa = PBXProject;
			attributes = {
				LastSwiftUpdateCheck = 0930;
				LastUpgradeCheck = 0930;
				ORGANIZATIONNAME = "The Humanity Preservation Foundation";
				TargetAttributes = {
					953EFEE020ADCEBF000E738C = {
						CreatedOnToolsVersion = 9.3;
					};
					953EFEF620ADCEC2000E738C = {
						CreatedOnToolsVersion = 9.3;
						TestTargetID = 953EFEE020ADCEBF000E738C;
					};
				};
			};
			buildConfigurationList = 953EFEDC20ADCEBF000E738C /* Build configuration list for PBXProject "Pulse_iOS" */;
			compatibilityVersion = "Xcode 9.3";
			developmentRegion = en;
			hasScannedForEncodings = 0;
			knownRegions = (
				en,
				Base,
			);
			mainGroup = 953EFED820ADCEBF000E738C;
			productRefGroup = 953EFEE220ADCEBF000E738C /* Products */;
			projectDirPath = "";
			projectRoot = "";
			targets = (
				953EFEE020ADCEBF000E738C /* Pulse_iOS */,
				953EFEF620ADCEC2000E738C /* Pulse_iOSTests */,
			);
		};
/* End PBXProject section */

/* Begin PBXResourcesBuildPhase section */
		953EFEDF20ADCEBF000E738C /* Resources */ = {
			isa = PBXResourcesBuildPhase;
			buildActionMask = 2147483647;
			files = (
				958B708021A876EF004AC71D /* AllResultListCell.xib in Resources */,
				953EFEF120ADCEC2000E738C /* LaunchScreen.storyboard in Resources */,
				958B708821A89949004AC71D /* AllResultsHeader.xib in Resources */,
				953C4A76214586E00019327F /* CategoryResultListCell.xib in Resources */,
				9556262420BDDFC400613273 /* us3.svg in Resources */,
				953EFEEE20ADCEC2000E738C /* Assets.xcassets in Resources */,
				953EFEEC20ADCEC0000E738C /* Main.storyboard in Resources */,
			);
			runOnlyForDeploymentPostprocessing = 0;
		};
		953EFEF520ADCEC2000E738C /* Resources */ = {
			isa = PBXResourcesBuildPhase;
			buildActionMask = 2147483647;
			files = (
			);
			runOnlyForDeploymentPostprocessing = 0;
		};
/* End PBXResourcesBuildPhase section */

/* Begin PBXShellScriptBuildPhase section */
		7DCD063A9573D228AF3B23C7 /* [CP] Check Pods Manifest.lock */ = {
			isa = PBXShellScriptBuildPhase;
			buildActionMask = 2147483647;
			files = (
			);
			inputPaths = (
				"${PODS_PODFILE_DIR_PATH}/Podfile.lock",
				"${PODS_ROOT}/Manifest.lock",
			);
			name = "[CP] Check Pods Manifest.lock";
			outputPaths = (
				"$(DERIVED_FILE_DIR)/Pods-Pulse_iOSTests-checkManifestLockResult.txt",
			);
			runOnlyForDeploymentPostprocessing = 0;
			shellPath = /bin/sh;
			shellScript = "diff \"${PODS_PODFILE_DIR_PATH}/Podfile.lock\" \"${PODS_ROOT}/Manifest.lock\" > /dev/null\nif [ $? != 0 ] ; then\n    # print error to STDERR\n    echo \"error: The sandbox is not in sync with the Podfile.lock. Run 'pod install' or update your CocoaPods installation.\" >&2\n    exit 1\nfi\n# This output is used by Xcode 'outputs' to avoid re-running this script phase.\necho \"SUCCESS\" > \"${SCRIPT_OUTPUT_FILE_0}\"\n";
			showEnvVarsInLog = 0;
		};
		7F3A2A4883F9A1E8E383A67F /* [CP] Check Pods Manifest.lock */ = {
			isa = PBXShellScriptBuildPhase;
			buildActionMask = 2147483647;
			files = (
			);
			inputPaths = (
				"${PODS_PODFILE_DIR_PATH}/Podfile.lock",
				"${PODS_ROOT}/Manifest.lock",
			);
			name = "[CP] Check Pods Manifest.lock";
			outputPaths = (
				"$(DERIVED_FILE_DIR)/Pods-Pulse_iOS-checkManifestLockResult.txt",
			);
			runOnlyForDeploymentPostprocessing = 0;
			shellPath = /bin/sh;
			shellScript = "diff \"${PODS_PODFILE_DIR_PATH}/Podfile.lock\" \"${PODS_ROOT}/Manifest.lock\" > /dev/null\nif [ $? != 0 ] ; then\n    # print error to STDERR\n    echo \"error: The sandbox is not in sync with the Podfile.lock. Run 'pod install' or update your CocoaPods installation.\" >&2\n    exit 1\nfi\n# This output is used by Xcode 'outputs' to avoid re-running this script phase.\necho \"SUCCESS\" > \"${SCRIPT_OUTPUT_FILE_0}\"\n";
			showEnvVarsInLog = 0;
		};
		DB56FA4B0F66D3B3352E21DB /* [CP] Embed Pods Frameworks */ = {
			isa = PBXShellScriptBuildPhase;
			buildActionMask = 2147483647;
			files = (
			);
			inputPaths = (
				"${SRCROOT}/Pods/Target Support Files/Pods-Pulse_iOS/Pods-Pulse_iOS-frameworks.sh",
				"${BUILT_PRODUCTS_DIR}/Alamofire/Alamofire.framework",
				"${BUILT_PRODUCTS_DIR}/AlamofireObjectMapper/AlamofireObjectMapper.framework",
				"${BUILT_PRODUCTS_DIR}/FantasticSnowflake/FantasticSnowflake.framework",
				"${BUILT_PRODUCTS_DIR}/ObjectMapper/ObjectMapper.framework",
				"${BUILT_PRODUCTS_DIR}/Reindeers/Reindeers.framework",
				"${BUILT_PRODUCTS_DIR}/SVGPath/SVGPath.framework",
				"${BUILT_PRODUCTS_DIR}/SwiftSVG/SwiftSVG.framework",
			);
			name = "[CP] Embed Pods Frameworks";
			outputPaths = (
				"${TARGET_BUILD_DIR}/${FRAMEWORKS_FOLDER_PATH}/Alamofire.framework",
				"${TARGET_BUILD_DIR}/${FRAMEWORKS_FOLDER_PATH}/AlamofireObjectMapper.framework",
				"${TARGET_BUILD_DIR}/${FRAMEWORKS_FOLDER_PATH}/FantasticSnowflake.framework",
				"${TARGET_BUILD_DIR}/${FRAMEWORKS_FOLDER_PATH}/ObjectMapper.framework",
				"${TARGET_BUILD_DIR}/${FRAMEWORKS_FOLDER_PATH}/Reindeers.framework",
				"${TARGET_BUILD_DIR}/${FRAMEWORKS_FOLDER_PATH}/SVGPath.framework",
				"${TARGET_BUILD_DIR}/${FRAMEWORKS_FOLDER_PATH}/SwiftSVG.framework",
			);
			runOnlyForDeploymentPostprocessing = 0;
			shellPath = /bin/sh;
			shellScript = "\"${SRCROOT}/Pods/Target Support Files/Pods-Pulse_iOS/Pods-Pulse_iOS-frameworks.sh\"\n";
			showEnvVarsInLog = 0;
		};
/* End PBXShellScriptBuildPhase section */

/* Begin PBXSourcesBuildPhase section */
		953EFEDD20ADCEBF000E738C /* Sources */ = {
			isa = PBXSourcesBuildPhase;
			buildActionMask = 2147483647;
			files = (
				9556262F20BF314300613273 /* TimeZone.swift in Sources */,
				95D9BF2920C98CD100ECD156 /* MainViewController.swift in Sources */,
				953C4A7C2145AE800019327F /* ResultContainer.swift in Sources */,
				953C4A7A214591E40019327F /* CategoryResultCellTableViewCell.swift in Sources */,
				958B707C21A874FF004AC71D /* AllResultsViewController.swift in Sources */,
				9548FAEA20DBEB7900EDDA41 /* NavigationBar.swift in Sources */,
				9556263320BF3A2C00613273 /* Resource.swift in Sources */,
				953C4A74213C3FE00019327F /* CategoryResultsViewController.swift in Sources */,
				9556263120BF342400613273 /* State.swift in Sources */,
				9556262620BDE07900613273 /* MapView.swift in Sources */,
				95D9BF2B20D2B44100ECD156 /* Config.swift in Sources */,
				953EFF0720B332D1000E738C /* TimeZoneEnum.swift in Sources */,
				952127DC216FE5BA00BFB118 /* Mappable.swift in Sources */,
				953EFF0920B33BE1000E738C /* StateEnum.swift in Sources */,
				95D9BF2720C0345600ECD156 /* Colors.swift in Sources */,
				953C4A78214589830019327F /* ResultButton.swift in Sources */,
				953EFEE520ADCEC0000E738C /* AppDelegate.swift in Sources */,
				9548FAE820DBE7D400EDDA41 /* BlueButton.swift in Sources */,
				958B708621A89570004AC71D /* AllResultHeaderTableViewCell.swift in Sources */,
				95D9BF2520C033DD00ECD156 /* Utils.swift in Sources */,
				9548FAE620DBE28400EDDA41 /* BlueButtonWhiteArrow.swift in Sources */,
				958B707E21A87564004AC71D /* AllResultCellTableViewCell.swift in Sources */,
				9548FAEC20DD586200EDDA41 /* MapViewController.swift in Sources */,
			);
			runOnlyForDeploymentPostprocessing = 0;
		};
		953EFEF320ADCEC2000E738C /* Sources */ = {
			isa = PBXSourcesBuildPhase;
			buildActionMask = 2147483647;
			files = (
				953EFEFC20ADCEC2000E738C /* Pulse_iOSTests.swift in Sources */,
			);
			runOnlyForDeploymentPostprocessing = 0;
		};
/* End PBXSourcesBuildPhase section */

/* Begin PBXTargetDependency section */
		953EFEF920ADCEC2000E738C /* PBXTargetDependency */ = {
			isa = PBXTargetDependency;
			target = 953EFEE020ADCEBF000E738C /* Pulse_iOS */;
			targetProxy = 953EFEF820ADCEC2000E738C /* PBXContainerItemProxy */;
		};
/* End PBXTargetDependency section */

/* Begin PBXVariantGroup section */
		953EFEEA20ADCEC0000E738C /* Main.storyboard */ = {
			isa = PBXVariantGroup;
			children = (
				953EFEEB20ADCEC0000E738C /* Base */,
			);
			name = Main.storyboard;
			sourceTree = "<group>";
		};
		953EFEEF20ADCEC2000E738C /* LaunchScreen.storyboard */ = {
			isa = PBXVariantGroup;
			children = (
				953EFEF020ADCEC2000E738C /* Base */,
			);
			name = LaunchScreen.storyboard;
			sourceTree = "<group>";
		};
/* End PBXVariantGroup section */

/* Begin XCBuildConfiguration section */
		953EFEFE20ADCEC2000E738C /* Debug */ = {
			isa = XCBuildConfiguration;
			buildSettings = {
				ALWAYS_SEARCH_USER_PATHS = NO;
				CLANG_ANALYZER_NONNULL = YES;
				CLANG_ANALYZER_NUMBER_OBJECT_CONVERSION = YES_AGGRESSIVE;
				CLANG_CXX_LANGUAGE_STANDARD = "gnu++14";
				CLANG_CXX_LIBRARY = "libc++";
				CLANG_ENABLE_MODULES = YES;
				CLANG_ENABLE_OBJC_ARC = YES;
				CLANG_ENABLE_OBJC_WEAK = YES;
				CLANG_WARN_BLOCK_CAPTURE_AUTORELEASING = YES;
				CLANG_WARN_BOOL_CONVERSION = YES;
				CLANG_WARN_COMMA = YES;
				CLANG_WARN_CONSTANT_CONVERSION = YES;
				CLANG_WARN_DEPRECATED_OBJC_IMPLEMENTATIONS = YES;
				CLANG_WARN_DIRECT_OBJC_ISA_USAGE = YES_ERROR;
				CLANG_WARN_DOCUMENTATION_COMMENTS = YES;
				CLANG_WARN_EMPTY_BODY = YES;
				CLANG_WARN_ENUM_CONVERSION = YES;
				CLANG_WARN_INFINITE_RECURSION = YES;
				CLANG_WARN_INT_CONVERSION = YES;
				CLANG_WARN_NON_LITERAL_NULL_CONVERSION = YES;
				CLANG_WARN_OBJC_IMPLICIT_RETAIN_SELF = YES;
				CLANG_WARN_OBJC_LITERAL_CONVERSION = YES;
				CLANG_WARN_OBJC_ROOT_CLASS = YES_ERROR;
				CLANG_WARN_RANGE_LOOP_ANALYSIS = YES;
				CLANG_WARN_STRICT_PROTOTYPES = YES;
				CLANG_WARN_SUSPICIOUS_MOVE = YES;
				CLANG_WARN_UNGUARDED_AVAILABILITY = YES_AGGRESSIVE;
				CLANG_WARN_UNREACHABLE_CODE = YES;
				CLANG_WARN__DUPLICATE_METHOD_MATCH = YES;
				CODE_SIGN_IDENTITY = "iPhone Developer";
				COPY_PHASE_STRIP = NO;
				DEBUG_INFORMATION_FORMAT = dwarf;
				ENABLE_STRICT_OBJC_MSGSEND = YES;
				ENABLE_TESTABILITY = YES;
				GCC_C_LANGUAGE_STANDARD = gnu11;
				GCC_DYNAMIC_NO_PIC = NO;
				GCC_NO_COMMON_BLOCKS = YES;
				GCC_OPTIMIZATION_LEVEL = 0;
				GCC_PREPROCESSOR_DEFINITIONS = (
					"DEBUG=1",
					"$(inherited)",
				);
				GCC_WARN_64_TO_32_BIT_CONVERSION = YES;
				GCC_WARN_ABOUT_RETURN_TYPE = YES_ERROR;
				GCC_WARN_UNDECLARED_SELECTOR = YES;
				GCC_WARN_UNINITIALIZED_AUTOS = YES_AGGRESSIVE;
				GCC_WARN_UNUSED_FUNCTION = YES;
				GCC_WARN_UNUSED_VARIABLE = YES;
				IPHONEOS_DEPLOYMENT_TARGET = 11.3;
				MTL_ENABLE_DEBUG_INFO = YES;
				ONLY_ACTIVE_ARCH = YES;
				SDKROOT = iphoneos;
				SWIFT_ACTIVE_COMPILATION_CONDITIONS = DEBUG;
				SWIFT_OPTIMIZATION_LEVEL = "-Onone";
			};
			name = Debug;
		};
		953EFEFF20ADCEC2000E738C /* Release */ = {
			isa = XCBuildConfiguration;
			buildSettings = {
				ALWAYS_SEARCH_USER_PATHS = NO;
				CLANG_ANALYZER_NONNULL = YES;
				CLANG_ANALYZER_NUMBER_OBJECT_CONVERSION = YES_AGGRESSIVE;
				CLANG_CXX_LANGUAGE_STANDARD = "gnu++14";
				CLANG_CXX_LIBRARY = "libc++";
				CLANG_ENABLE_MODULES = YES;
				CLANG_ENABLE_OBJC_ARC = YES;
				CLANG_ENABLE_OBJC_WEAK = YES;
				CLANG_WARN_BLOCK_CAPTURE_AUTORELEASING = YES;
				CLANG_WARN_BOOL_CONVERSION = YES;
				CLANG_WARN_COMMA = YES;
				CLANG_WARN_CONSTANT_CONVERSION = YES;
				CLANG_WARN_DEPRECATED_OBJC_IMPLEMENTATIONS = YES;
				CLANG_WARN_DIRECT_OBJC_ISA_USAGE = YES_ERROR;
				CLANG_WARN_DOCUMENTATION_COMMENTS = YES;
				CLANG_WARN_EMPTY_BODY = YES;
				CLANG_WARN_ENUM_CONVERSION = YES;
				CLANG_WARN_INFINITE_RECURSION = YES;
				CLANG_WARN_INT_CONVERSION = YES;
				CLANG_WARN_NON_LITERAL_NULL_CONVERSION = YES;
				CLANG_WARN_OBJC_IMPLICIT_RETAIN_SELF = YES;
				CLANG_WARN_OBJC_LITERAL_CONVERSION = YES;
				CLANG_WARN_OBJC_ROOT_CLASS = YES_ERROR;
				CLANG_WARN_RANGE_LOOP_ANALYSIS = YES;
				CLANG_WARN_STRICT_PROTOTYPES = YES;
				CLANG_WARN_SUSPICIOUS_MOVE = YES;
				CLANG_WARN_UNGUARDED_AVAILABILITY = YES_AGGRESSIVE;
				CLANG_WARN_UNREACHABLE_CODE = YES;
				CLANG_WARN__DUPLICATE_METHOD_MATCH = YES;
				CODE_SIGN_IDENTITY = "iPhone Developer";
				COPY_PHASE_STRIP = NO;
				DEBUG_INFORMATION_FORMAT = "dwarf-with-dsym";
				ENABLE_NS_ASSERTIONS = NO;
				ENABLE_STRICT_OBJC_MSGSEND = YES;
				GCC_C_LANGUAGE_STANDARD = gnu11;
				GCC_NO_COMMON_BLOCKS = YES;
				GCC_WARN_64_TO_32_BIT_CONVERSION = YES;
				GCC_WARN_ABOUT_RETURN_TYPE = YES_ERROR;
				GCC_WARN_UNDECLARED_SELECTOR = YES;
				GCC_WARN_UNINITIALIZED_AUTOS = YES_AGGRESSIVE;
				GCC_WARN_UNUSED_FUNCTION = YES;
				GCC_WARN_UNUSED_VARIABLE = YES;
				IPHONEOS_DEPLOYMENT_TARGET = 11.3;
				MTL_ENABLE_DEBUG_INFO = NO;
				SDKROOT = iphoneos;
				SWIFT_COMPILATION_MODE = wholemodule;
				SWIFT_OPTIMIZATION_LEVEL = "-O";
				VALIDATE_PRODUCT = YES;
			};
			name = Release;
		};
		953EFF0120ADCEC2000E738C /* Debug */ = {
			isa = XCBuildConfiguration;
			baseConfigurationReference = 39B2220DC3C0CF766D888894 /* Pods-Pulse_iOS.debug.xcconfig */;
			buildSettings = {
				ASSETCATALOG_COMPILER_APPICON_NAME = AppIcon;
				CODE_SIGN_STYLE = Automatic;
				INFOPLIST_FILE = Pulse_iOS/Info.plist;
				LD_RUNPATH_SEARCH_PATHS = (
					"$(inherited)",
					"@executable_path/Frameworks",
				);
				PRODUCT_BUNDLE_IDENTIFIER = "org.humanitypreservationfoundation.Pulse-iOS";
				PRODUCT_NAME = "$(TARGET_NAME)";
				SWIFT_VERSION = 4.0;
				TARGETED_DEVICE_FAMILY = "1,2";
			};
			name = Debug;
		};
		953EFF0220ADCEC2000E738C /* Release */ = {
			isa = XCBuildConfiguration;
			baseConfigurationReference = 9E1A8675EE00FE77BF311E2B /* Pods-Pulse_iOS.release.xcconfig */;
			buildSettings = {
				ASSETCATALOG_COMPILER_APPICON_NAME = AppIcon;
				CODE_SIGN_STYLE = Automatic;
				INFOPLIST_FILE = Pulse_iOS/Info.plist;
				LD_RUNPATH_SEARCH_PATHS = (
					"$(inherited)",
					"@executable_path/Frameworks",
				);
				PRODUCT_BUNDLE_IDENTIFIER = "org.humanitypreservationfoundation.Pulse-iOS";
				PRODUCT_NAME = "$(TARGET_NAME)";
				SWIFT_VERSION = 4.0;
				TARGETED_DEVICE_FAMILY = "1,2";
			};
			name = Release;
		};
		953EFF0420ADCEC2000E738C /* Debug */ = {
			isa = XCBuildConfiguration;
			baseConfigurationReference = 68167C54BBEC8CBA6488A62C /* Pods-Pulse_iOSTests.debug.xcconfig */;
			buildSettings = {
				ALWAYS_EMBED_SWIFT_STANDARD_LIBRARIES = YES;
				BUNDLE_LOADER = "$(TEST_HOST)";
				CODE_SIGN_STYLE = Automatic;
				INFOPLIST_FILE = Pulse_iOSTests/Info.plist;
				LD_RUNPATH_SEARCH_PATHS = (
					"$(inherited)",
					"@executable_path/Frameworks",
					"@loader_path/Frameworks",
				);
				PRODUCT_BUNDLE_IDENTIFIER = "org.humanitypreservationfoundation.Pulse-iOSTests";
				PRODUCT_NAME = "$(TARGET_NAME)";
				SWIFT_VERSION = 4.0;
				TARGETED_DEVICE_FAMILY = "1,2";
				TEST_HOST = "$(BUILT_PRODUCTS_DIR)/Pulse_iOS.app/Pulse_iOS";
			};
			name = Debug;
		};
		953EFF0520ADCEC2000E738C /* Release */ = {
			isa = XCBuildConfiguration;
			baseConfigurationReference = 173D8147823E448228235BBF /* Pods-Pulse_iOSTests.release.xcconfig */;
			buildSettings = {
				ALWAYS_EMBED_SWIFT_STANDARD_LIBRARIES = YES;
				BUNDLE_LOADER = "$(TEST_HOST)";
				CODE_SIGN_STYLE = Automatic;
				INFOPLIST_FILE = Pulse_iOSTests/Info.plist;
				LD_RUNPATH_SEARCH_PATHS = (
					"$(inherited)",
					"@executable_path/Frameworks",
					"@loader_path/Frameworks",
				);
				PRODUCT_BUNDLE_IDENTIFIER = "org.humanitypreservationfoundation.Pulse-iOSTests";
				PRODUCT_NAME = "$(TARGET_NAME)";
				SWIFT_VERSION = 4.0;
				TARGETED_DEVICE_FAMILY = "1,2";
				TEST_HOST = "$(BUILT_PRODUCTS_DIR)/Pulse_iOS.app/Pulse_iOS";
			};
			name = Release;
		};
/* End XCBuildConfiguration section */

/* Begin XCConfigurationList section */
		953EFEDC20ADCEBF000E738C /* Build configuration list for PBXProject "Pulse_iOS" */ = {
			isa = XCConfigurationList;
			buildConfigurations = (
				953EFEFE20ADCEC2000E738C /* Debug */,
				953EFEFF20ADCEC2000E738C /* Release */,
			);
			defaultConfigurationIsVisible = 0;
			defaultConfigurationName = Release;
		};
		953EFF0020ADCEC2000E738C /* Build configuration list for PBXNativeTarget "Pulse_iOS" */ = {
			isa = XCConfigurationList;
			buildConfigurations = (
				953EFF0120ADCEC2000E738C /* Debug */,
				953EFF0220ADCEC2000E738C /* Release */,
			);
			defaultConfigurationIsVisible = 0;
			defaultConfigurationName = Release;
		};
		953EFF0320ADCEC2000E738C /* Build configuration list for PBXNativeTarget "Pulse_iOSTests" */ = {
			isa = XCConfigurationList;
			buildConfigurations = (
				953EFF0420ADCEC2000E738C /* Debug */,
				953EFF0520ADCEC2000E738C /* Release */,
			);
			defaultConfigurationIsVisible = 0;
			defaultConfigurationName = Release;
		};
/* End XCConfigurationList section */
	};
	rootObject = 953EFED920ADCEBF000E738C /* Project object */;
}
